
Microsoft Visual Studio Solution File, Format Version 12.00
# Visual Studio 15
VisualStudioVersion = 15.0.28010.2046
MinimumVisualStudioVersion = 10.0.40219.1
Project("{8BC9CEB8-8B4A-11D0-8D11-00A0C91BC942}") = "cudaClassFun", "cudaClassFun\cudaClassFun.vcxproj", "{2C87D5ED-6E04-46C9-83A9-4793F32C6F21}"
EndProject
Global
	GlobalSection(SolutionConfigurationPlatforms) = preSolution
		Debug|x64 = Debug|x64
		Release|x64 = Release|x64
	EndGlobalSection
	GlobalSection(ProjectConfigurationPlatforms) = postSolution
		{2C87D5ED-6E04-46C9-83A9-4793F32C6F21}.Debug|x64.ActiveCfg = Debug|x64
		{2C87D5ED-6E04-46C9-83A9-4793F32C6F21}.Debug|x64.Build.0 = Debug|x64
		{2C87D5ED-6E04-46C9-83A9-4793F32C6F21}.Release|x64.ActiveCfg = Release|x64
		{2C87D5ED-6E04-46C9-83A9-4793F32C6F21}.Release|x64.Build.0 = Release|x64
	EndGlobalSection
	GlobalSection(SolutionProperties) = preSolution
		HideSolutionNode = FALSE
	EndGlobalSection
	GlobalSection(ExtensibilityGlobals) = postSolution
		SolutionGuid = {1C9A7A70-96F7-44D3-8EE3-D4B566F65701}
	EndGlobalSection
EndGlobal
